// !$*UTF8*$!
{
	archiveVersion = 1;
	classes = {
	};
	objectVersion = 56;
	objects = {

/* Begin PBXBuildFile section */
		7478E42B29178DBE00E10E64 /* Loan_SharkApp.swift in Sources */ = {isa = PBXBuildFile; fileRef = 7478E42A29178DBE00E10E64 /* Loan_SharkApp.swift */; };
		7478E42D29178DBE00E10E64 /* ContentView.swift in Sources */ = {isa = PBXBuildFile; fileRef = 7478E42C29178DBE00E10E64 /* ContentView.swift */; };
		7478E42F29178DBF00E10E64 /* Assets.xcassets in Resources */ = {isa = PBXBuildFile; fileRef = 7478E42E29178DBF00E10E64 /* Assets.xcassets */; };
		7478E43229178DBF00E10E64 /* Preview Assets.xcassets in Resources */ = {isa = PBXBuildFile; fileRef = 7478E43129178DBF00E10E64 /* Preview Assets.xcassets */; };
		7478E43929178DF200E10E64 /* Loan Shark.swift in Sources */ = {isa = PBXBuildFile; fileRef = 7478E43829178DF100E10E64 /* Loan Shark.swift */; };
		7478E43B291797E600E10E64 /* HomeView.swift in Sources */ = {isa = PBXBuildFile; fileRef = 7478E43A291797E600E10E64 /* HomeView.swift */; };
		7478E43D2917AA3F00E10E64 /* LoanDetailView.swift in Sources */ = {isa = PBXBuildFile; fileRef = 7478E43C2917AA3F00E10E64 /* LoanDetailView.swift */; };
		7478E43F2917B7DD00E10E64 /* BillSplitDetailView.swift in Sources */ = {isa = PBXBuildFile; fileRef = 7478E43E2917B7DD00E10E64 /* BillSplitDetailView.swift */; };
		7478E4412917D79700E10E64 /* NewTransactionSheet.swift in Sources */ = {isa = PBXBuildFile; fileRef = 7478E4402917D79700E10E64 /* NewTransactionSheet.swift */; };
		747C5A79291B522A00669EC4 /* TransactionManager.swift in Sources */ = {isa = PBXBuildFile; fileRef = 747C5A78291B522A00669EC4 /* TransactionManager.swift */; };
		747C5A7B291B7B0E00669EC4 /* TransactionDetailView.swift in Sources */ = {isa = PBXBuildFile; fileRef = 747C5A7A291B7B0E00669EC4 /* TransactionDetailView.swift */; };
/* End PBXBuildFile section */

/* Begin PBXFileReference section */
		7478E42729178DBE00E10E64 /* Loan Shark.app */ = {isa = PBXFileReference; explicitFileType = wrapper.application; includeInIndex = 0; path = "Loan Shark.app"; sourceTree = BUILT_PRODUCTS_DIR; };
		7478E42A29178DBE00E10E64 /* Loan_SharkApp.swift */ = {isa = PBXFileReference; lastKnownFileType = sourcecode.swift; path = Loan_SharkApp.swift; sourceTree = "<group>"; };
		7478E42C29178DBE00E10E64 /* ContentView.swift */ = {isa = PBXFileReference; lastKnownFileType = sourcecode.swift; path = ContentView.swift; sourceTree = "<group>"; };
		7478E42E29178DBF00E10E64 /* Assets.xcassets */ = {isa = PBXFileReference; lastKnownFileType = folder.assetcatalog; path = Assets.xcassets; sourceTree = "<group>"; };
		7478E43129178DBF00E10E64 /* Preview Assets.xcassets */ = {isa = PBXFileReference; lastKnownFileType = folder.assetcatalog; path = "Preview Assets.xcassets"; sourceTree = "<group>"; };
		7478E43829178DF100E10E64 /* Loan Shark.swift */ = {isa = PBXFileReference; lastKnownFileType = sourcecode.swift; path = "Loan Shark.swift"; sourceTree = "<group>"; };
		7478E43A291797E600E10E64 /* HomeView.swift */ = {isa = PBXFileReference; lastKnownFileType = sourcecode.swift; path = HomeView.swift; sourceTree = "<group>"; };
		7478E43C2917AA3F00E10E64 /* LoanDetailView.swift */ = {isa = PBXFileReference; lastKnownFileType = sourcecode.swift; path = LoanDetailView.swift; sourceTree = "<group>"; };
		7478E43E2917B7DD00E10E64 /* BillSplitDetailView.swift */ = {isa = PBXFileReference; lastKnownFileType = sourcecode.swift; path = BillSplitDetailView.swift; sourceTree = "<group>"; };
		7478E4402917D79700E10E64 /* NewTransactionSheet.swift */ = {isa = PBXFileReference; lastKnownFileType = sourcecode.swift; path = NewTransactionSheet.swift; sourceTree = "<group>"; };
		747C5A78291B522A00669EC4 /* TransactionManager.swift */ = {isa = PBXFileReference; lastKnownFileType = sourcecode.swift; path = TransactionManager.swift; sourceTree = "<group>"; };
		747C5A7A291B7B0E00669EC4 /* TransactionDetailView.swift */ = {isa = PBXFileReference; lastKnownFileType = sourcecode.swift; path = TransactionDetailView.swift; sourceTree = "<group>"; };
/* End PBXFileReference section */

/* Begin PBXFrameworksBuildPhase section */
		7478E42429178DBE00E10E64 /* Frameworks */ = {
			isa = PBXFrameworksBuildPhase;
			buildActionMask = 2147483647;
			files = (
			);
			runOnlyForDeploymentPostprocessing = 0;
		};
/* End PBXFrameworksBuildPhase section */

/* Begin PBXGroup section */
		7478E41E29178DBE00E10E64 = {
			isa = PBXGroup;
			children = (
				7478E42929178DBE00E10E64 /* Loan Shark */,
				7478E42829178DBE00E10E64 /* Products */,
			);
			sourceTree = "<group>";
		};
		7478E42829178DBE00E10E64 /* Products */ = {
			isa = PBXGroup;
			children = (
				7478E42729178DBE00E10E64 /* Loan Shark.app */,
			);
			name = Products;
			sourceTree = "<group>";
		};
		7478E42929178DBE00E10E64 /* Loan Shark */ = {
			isa = PBXGroup;
			children = (
				747C5A78291B522A00669EC4 /* TransactionManager.swift */,
				7478E4402917D79700E10E64 /* NewTransactionSheet.swift */,
				7478E43C2917AA3F00E10E64 /* LoanDetailView.swift */,
				7478E42A29178DBE00E10E64 /* Loan_SharkApp.swift */,
				7478E42C29178DBE00E10E64 /* ContentView.swift */,
				7478E43A291797E600E10E64 /* HomeView.swift */,
				747C5A7A291B7B0E00669EC4 /* TransactionDetailView.swift */,
				7478E43E2917B7DD00E10E64 /* BillSplitDetailView.swift */,
				7478E43829178DF100E10E64 /* Loan Shark.swift */,
				7478E42E29178DBF00E10E64 /* Assets.xcassets */,
				7478E43029178DBF00E10E64 /* Preview Content */,
			);
			path = "Loan Shark";
			sourceTree = "<group>";
		};
		7478E43029178DBF00E10E64 /* Preview Content */ = {
			isa = PBXGroup;
			children = (
				7478E43129178DBF00E10E64 /* Preview Assets.xcassets */,
			);
			path = "Preview Content";
			sourceTree = "<group>";
		};
/* End PBXGroup section */

/* Begin PBXNativeTarget section */
		7478E42629178DBE00E10E64 /* Loan Shark */ = {
			isa = PBXNativeTarget;
			buildConfigurationList = 7478E43529178DBF00E10E64 /* Build configuration list for PBXNativeTarget "Loan Shark" */;
			buildPhases = (
				7478E42329178DBE00E10E64 /* Sources */,
				7478E42429178DBE00E10E64 /* Frameworks */,
				7478E42529178DBE00E10E64 /* Resources */,
			);
			buildRules = (
			);
			dependencies = (
			);
			name = "Loan Shark";
			productName = "Loan Shark";
			productReference = 7478E42729178DBE00E10E64 /* Loan Shark.app */;
			productType = "com.apple.product-type.application";
		};
/* End PBXNativeTarget section */

/* Begin PBXProject section */
		7478E41F29178DBE00E10E64 /* Project object */ = {
			isa = PBXProject;
			attributes = {
				BuildIndependentTargetsInParallel = 1;
				LastSwiftUpdateCheck = 1410;
				LastUpgradeCheck = 1410;
				TargetAttributes = {
					7478E42629178DBE00E10E64 = {
						CreatedOnToolsVersion = 14.1;
					};
				};
			};
			buildConfigurationList = 7478E42229178DBE00E10E64 /* Build configuration list for PBXProject "Loan Shark" */;
			compatibilityVersion = "Xcode 14.0";
			developmentRegion = en;
			hasScannedForEncodings = 0;
			knownRegions = (
				en,
				Base,
			);
			mainGroup = 7478E41E29178DBE00E10E64;
			productRefGroup = 7478E42829178DBE00E10E64 /* Products */;
			projectDirPath = "";
			projectRoot = "";
			targets = (
				7478E42629178DBE00E10E64 /* Loan Shark */,
			);
		};
/* End PBXProject section */

/* Begin PBXResourcesBuildPhase section */
		7478E42529178DBE00E10E64 /* Resources */ = {
			isa = PBXResourcesBuildPhase;
			buildActionMask = 2147483647;
			files = (
				7478E43229178DBF00E10E64 /* Preview Assets.xcassets in Resources */,
				7478E42F29178DBF00E10E64 /* Assets.xcassets in Resources */,
			);
			runOnlyForDeploymentPostprocessing = 0;
		};
/* End PBXResourcesBuildPhase section */

/* Begin PBXSourcesBuildPhase section */
		7478E42329178DBE00E10E64 /* Sources */ = {
			isa = PBXSourcesBuildPhase;
			buildActionMask = 2147483647;
			files = (
				7478E42D29178DBE00E10E64 /* ContentView.swift in Sources */,
				7478E43F2917B7DD00E10E64 /* BillSplitDetailView.swift in Sources */,
				7478E43D2917AA3F00E10E64 /* LoanDetailView.swift in Sources */,
				747C5A7B291B7B0E00669EC4 /* TransactionDetailView.swift in Sources */,
				7478E4412917D79700E10E64 /* NewTransactionSheet.swift in Sources */,
				747C5A79291B522A00669EC4 /* TransactionManager.swift in Sources */,
				7478E43B291797E600E10E64 /* HomeView.swift in Sources */,
				7478E43929178DF200E10E64 /* Loan Shark.swift in Sources */,
				7478E42B29178DBE00E10E64 /* Loan_SharkApp.swift in Sources */,
			);
			runOnlyForDeploymentPostprocessing = 0;
		};
/* End PBXSourcesBuildPhase section */

/* Begin XCBuildConfiguration section */
		7478E43329178DBF00E10E64 /* Debug */ = {
			isa = XCBuildConfiguration;
			buildSettings = {
				ALWAYS_SEARCH_USER_PATHS = NO;
				CLANG_ANALYZER_NONNULL = YES;
				CLANG_ANALYZER_NUMBER_OBJECT_CONVERSION = YES_AGGRESSIVE;
				CLANG_CXX_LANGUAGE_STANDARD = "gnu++20";
				CLANG_ENABLE_MODULES = YES;
				CLANG_ENABLE_OBJC_ARC = YES;
				CLANG_ENABLE_OBJC_WEAK = YES;
				CLANG_WARN_BLOCK_CAPTURE_AUTORELEASING = YES;
				CLANG_WARN_BOOL_CONVERSION = YES;
				CLANG_WARN_COMMA = YES;
				CLANG_WARN_CONSTANT_CONVERSION = YES;
				CLANG_WARN_DEPRECATED_OBJC_IMPLEMENTATIONS = YES;
				CLANG_WARN_DIRECT_OBJC_ISA_USAGE = YES_ERROR;
				CLANG_WARN_DOCUMENTATION_COMMENTS = YES;
				CLANG_WARN_EMPTY_BODY = YES;
				CLANG_WARN_ENUM_CONVERSION = YES;
				CLANG_WARN_INFINITE_RECURSION = YES;
				CLANG_WARN_INT_CONVERSION = YES;
				CLANG_WARN_NON_LITERAL_NULL_CONVERSION = YES;
				CLANG_WARN_OBJC_IMPLICIT_RETAIN_SELF = YES;
				CLANG_WARN_OBJC_LITERAL_CONVERSION = YES;
				CLANG_WARN_OBJC_ROOT_CLASS = YES_ERROR;
				CLANG_WARN_QUOTED_INCLUDE_IN_FRAMEWORK_HEADER = YES;
				CLANG_WARN_RANGE_LOOP_ANALYSIS = YES;
				CLANG_WARN_STRICT_PROTOTYPES = YES;
				CLANG_WARN_SUSPICIOUS_MOVE = YES;
				CLANG_WARN_UNGUARDED_AVAILABILITY = YES_AGGRESSIVE;
				CLANG_WARN_UNREACHABLE_CODE = YES;
				CLANG_WARN__DUPLICATE_METHOD_MATCH = YES;
				COPY_PHASE_STRIP = NO;
				DEBUG_INFORMATION_FORMAT = dwarf;
				ENABLE_STRICT_OBJC_MSGSEND = YES;
				ENABLE_TESTABILITY = YES;
				GCC_C_LANGUAGE_STANDARD = gnu11;
				GCC_DYNAMIC_NO_PIC = NO;
				GCC_NO_COMMON_BLOCKS = YES;
				GCC_OPTIMIZATION_LEVEL = 0;
				GCC_PREPROCESSOR_DEFINITIONS = (
					"DEBUG=1",
					"$(inherited)",
				);
				GCC_WARN_64_TO_32_BIT_CONVERSION = YES;
				GCC_WARN_ABOUT_RETURN_TYPE = YES_ERROR;
				GCC_WARN_UNDECLARED_SELECTOR = YES;
				GCC_WARN_UNINITIALIZED_AUTOS = YES_AGGRESSIVE;
				GCC_WARN_UNUSED_FUNCTION = YES;
				GCC_WARN_UNUSED_VARIABLE = YES;
				IPHONEOS_DEPLOYMENT_TARGET = 16.1;
				MTL_ENABLE_DEBUG_INFO = INCLUDE_SOURCE;
				MTL_FAST_MATH = YES;
				ONLY_ACTIVE_ARCH = YES;
				SDKROOT = iphoneos;
				SWIFT_ACTIVE_COMPILATION_CONDITIONS = DEBUG;
				SWIFT_OPTIMIZATION_LEVEL = "-Onone";
			};
			name = Debug;
		};
		7478E43429178DBF00E10E64 /* Release */ = {
			isa = XCBuildConfiguration;
			buildSettings = {
				ALWAYS_SEARCH_USER_PATHS = NO;
				CLANG_ANALYZER_NONNULL = YES;
				CLANG_ANALYZER_NUMBER_OBJECT_CONVERSION = YES_AGGRESSIVE;
				CLANG_CXX_LANGUAGE_STANDARD = "gnu++20";
				CLANG_ENABLE_MODULES = YES;
				CLANG_ENABLE_OBJC_ARC = YES;
				CLANG_ENABLE_OBJC_WEAK = YES;
				CLANG_WARN_BLOCK_CAPTURE_AUTORELEASING = YES;
				CLANG_WARN_BOOL_CONVERSION = YES;
				CLANG_WARN_COMMA = YES;
				CLANG_WARN_CONSTANT_CONVERSION = YES;
				CLANG_WARN_DEPRECATED_OBJC_IMPLEMENTATIONS = YES;
				CLANG_WARN_DIRECT_OBJC_ISA_USAGE = YES_ERROR;
				CLANG_WARN_DOCUMENTATION_COMMENTS = YES;
				CLANG_WARN_EMPTY_BODY = YES;
				CLANG_WARN_ENUM_CONVERSION = YES;
				CLANG_WARN_INFINITE_RECURSION = YES;
				CLANG_WARN_INT_CONVERSION = YES;
				CLANG_WARN_NON_LITERAL_NULL_CONVERSION = YES;
				CLANG_WARN_OBJC_IMPLICIT_RETAIN_SELF = YES;
				CLANG_WARN_OBJC_LITERAL_CONVERSION = YES;
				CLANG_WARN_OBJC_ROOT_CLASS = YES_ERROR;
				CLANG_WARN_QUOTED_INCLUDE_IN_FRAMEWORK_HEADER = YES;
				CLANG_WARN_RANGE_LOOP_ANALYSIS = YES;
				CLANG_WARN_STRICT_PROTOTYPES = YES;
				CLANG_WARN_SUSPICIOUS_MOVE = YES;
				CLANG_WARN_UNGUARDED_AVAILABILITY = YES_AGGRESSIVE;
				CLANG_WARN_UNREACHABLE_CODE = YES;
				CLANG_WARN__DUPLICATE_METHOD_MATCH = YES;
				COPY_PHASE_STRIP = NO;
				DEBUG_INFORMATION_FORMAT = "dwarf-with-dsym";
				ENABLE_NS_ASSERTIONS = NO;
				ENABLE_STRICT_OBJC_MSGSEND = YES;
				GCC_C_LANGUAGE_STANDARD = gnu11;
				GCC_NO_COMMON_BLOCKS = YES;
				GCC_WARN_64_TO_32_BIT_CONVERSION = YES;
				GCC_WARN_ABOUT_RETURN_TYPE = YES_ERROR;
				GCC_WARN_UNDECLARED_SELECTOR = YES;
				GCC_WARN_UNINITIALIZED_AUTOS = YES_AGGRESSIVE;
				GCC_WARN_UNUSED_FUNCTION = YES;
				GCC_WARN_UNUSED_VARIABLE = YES;
				IPHONEOS_DEPLOYMENT_TARGET = 16.1;
				MTL_ENABLE_DEBUG_INFO = NO;
				MTL_FAST_MATH = YES;
				SDKROOT = iphoneos;
				SWIFT_COMPILATION_MODE = wholemodule;
				SWIFT_OPTIMIZATION_LEVEL = "-O";
				VALIDATE_PRODUCT = YES;
			};
			name = Release;
		};
		7478E43629178DBF00E10E64 /* Debug */ = {
			isa = XCBuildConfiguration;
			buildSettings = {
				ASSETCATALOG_COMPILER_APPICON_NAME = AppIcon;
				ASSETCATALOG_COMPILER_GLOBAL_ACCENT_COLOR_NAME = AccentColor;
				CODE_SIGN_STYLE = Automatic;
				CURRENT_PROJECT_VERSION = 1;
				DEVELOPMENT_ASSET_PATHS = "\"Loan Shark/Preview Content\"";
				ENABLE_PREVIEWS = YES;
				GENERATE_INFOPLIST_FILE = YES;
				INFOPLIST_KEY_UIApplicationSceneManifest_Generation = YES;
				INFOPLIST_KEY_UIApplicationSupportsIndirectInputEvents = YES;
				INFOPLIST_KEY_UILaunchScreen_Generation = YES;
				INFOPLIST_KEY_UISupportedInterfaceOrientations_iPad = "UIInterfaceOrientationPortrait UIInterfaceOrientationPortraitUpsideDown UIInterfaceOrientationLandscapeLeft UIInterfaceOrientationLandscapeRight";
				INFOPLIST_KEY_UISupportedInterfaceOrientations_iPhone = "UIInterfaceOrientationPortrait UIInterfaceOrientationLandscapeLeft UIInterfaceOrientationLandscapeRight";
				LD_RUNPATH_SEARCH_PATHS = (
					"$(inherited)",
					"@executable_path/Frameworks",
				);
				MARKETING_VERSION = 1.0;
				PRODUCT_BUNDLE_IDENTIFIER = "tk.sg.Loan-Shark";
				PRODUCT_NAME = "$(TARGET_NAME)";
				SWIFT_EMIT_LOC_STRINGS = YES;
				SWIFT_VERSION = 5.0;
				TARGETED_DEVICE_FAMILY = "1,2";
			};
			name = Debug;
		};
		7478E43729178DBF00E10E64 /* Release */ = {
			isa = XCBuildConfiguration;
			buildSettings = {
				ASSETCATALOG_COMPILER_APPICON_NAME = AppIcon;
				ASSETCATALOG_COMPILER_GLOBAL_ACCENT_COLOR_NAME = AccentColor;
				CODE_SIGN_STYLE = Automatic;
				CURRENT_PROJECT_VERSION = 1;
				DEVELOPMENT_ASSET_PATHS = "\"Loan Shark/Preview Content\"";
				ENABLE_PREVIEWS = YES;
				GENERATE_INFOPLIST_FILE = YES;
				INFOPLIST_KEY_UIApplicationSceneManifest_Generation = YES;
				INFOPLIST_KEY_UIApplicationSupportsIndirectInputEvents = YES;
				INFOPLIST_KEY_UILaunchScreen_Generation = YES;
				INFOPLIST_KEY_UISupportedInterfaceOrientations_iPad = "UIInterfaceOrientationPortrait UIInterfaceOrientationPortraitUpsideDown UIInterfaceOrientationLandscapeLeft UIInterfaceOrientationLandscapeRight";
				INFOPLIST_KEY_UISupportedInterfaceOrientations_iPhone = "UIInterfaceOrientationPortrait UIInterfaceOrientationLandscapeLeft UIInterfaceOrientationLandscapeRight";
				LD_RUNPATH_SEARCH_PATHS = (
					"$(inherited)",
					"@executable_path/Frameworks",
				);
				MARKETING_VERSION = 1.0;
				PRODUCT_BUNDLE_IDENTIFIER = "tk.sg.Loan-Shark";
				PRODUCT_NAME = "$(TARGET_NAME)";
				SWIFT_EMIT_LOC_STRINGS = YES;
				SWIFT_VERSION = 5.0;
				TARGETED_DEVICE_FAMILY = "1,2";
			};
			name = Release;
		};
/* End XCBuildConfiguration section */

/* Begin XCConfigurationList section */
		7478E42229178DBE00E10E64 /* Build configuration list for PBXProject "Loan Shark" */ = {
			isa = XCConfigurationList;
			buildConfigurations = (
				7478E43329178DBF00E10E64 /* Debug */,
				7478E43429178DBF00E10E64 /* Release */,
			);
			defaultConfigurationIsVisible = 0;
			defaultConfigurationName = Release;
		};
		7478E43529178DBF00E10E64 /* Build configuration list for PBXNativeTarget "Loan Shark" */ = {
			isa = XCConfigurationList;
			buildConfigurations = (
				7478E43629178DBF00E10E64 /* Debug */,
				7478E43729178DBF00E10E64 /* Release */,
			);
			defaultConfigurationIsVisible = 0;
			defaultConfigurationName = Release;
		};
/* End XCConfigurationList section */
	};
	rootObject = 7478E41F29178DBE00E10E64 /* Project object */;
}
